
Microsoft Visual Studio Solution File, Format Version 12.00
# Visual Studio 15
VisualStudioVersion = 15.0.27428.2005
MinimumVisualStudioVersion = 10.0.40219.1
Project("{FAE04EC0-301F-11D3-BF4B-00C04F79EFBC}") = "holaMundo", "holaMundo\holaMundo.csproj", "{BC01CE8A-2D90-41F8-91A9-7CB35C752441}"
EndProject
Global
	GlobalSection(SolutionConfigurationPlatforms) = preSolution
		Debug|Any CPU = Debug|Any CPU
		Release|Any CPU = Release|Any CPU
	EndGlobalSection
	GlobalSection(ProjectConfigurationPlatforms) = postSolution
		{BC01CE8A-2D90-41F8-91A9-7CB35C752441}.Debug|Any CPU.ActiveCfg = Debug|Any CPU
		{BC01CE8A-2D90-41F8-91A9-7CB35C752441}.Debug|Any CPU.Build.0 = Debug|Any CPU
		{BC01CE8A-2D90-41F8-91A9-7CB35C752441}.Release|Any CPU.ActiveCfg = Release|Any CPU
		{BC01CE8A-2D90-41F8-91A9-7CB35C752441}.Release|Any CPU.Build.0 = Release|Any CPU
	EndGlobalSection
	GlobalSection(SolutionProperties) = preSolution
		HideSolutionNode = FALSE
	EndGlobalSection
	GlobalSection(ExtensibilityGlobals) = postSolution
		SolutionGuid = {99467BC9-EABE-489F-BE9A-97181222FC36}
	EndGlobalSection
EndGlobal
